<?xml version="1.0" encoding="utf-8"?>
<Project ToolsVersion="4.0" xmlns="http://schemas.microsoft.com/developer/msbuild/2003">
  <ItemGroup>
    <Filter Include="Source Files">
      <UniqueIdentifier>{4FC737F1-C7A5-4376-A066-2A32D752A2FF}</UniqueIdentifier>
      <Extensions>cpp;c;cc;cxx;def;odl;idl;hpj;bat;asm;asmx</Extensions>
    </Filter>
    <Filter Include="Header Files">
      <UniqueIdentifier>{93995380-89BD-4b04-88EB-625FBE52EBFB}</UniqueIdentifier>
      <Extensions>h;hh;hpp;hxx;hm;inl;inc;xsd</Extensions>
    </Filter>
    <Filter Include="Resource Files">
      <UniqueIdentifier>{67DA6AB6-F800-4c08-8B7A-83BB121AAD01}</UniqueIdentifier>
      <Extensions>rc;ico;cur;bmp;dlg;rc2;rct;bin;rgs;gif;jpg;jpeg;jpe;resx;tiff;tif;png;wav;mfcribbon-ms</Extensions>
    </Filter>
    <Filter Include="Header Files\as">
      <UniqueIdentifier>{b3ca01e0-a24d-46bc-9d2f-22e1e2cf5c44}</UniqueIdentifier>
    </Filter>
    <Filter Include="Source Files\as">
      <UniqueIdentifier>{d303624c-abd7-41c7-8d56-058796b14570}</UniqueIdentifier>
    </Filter>
  </ItemGroup>
  <ItemGroup>
    <ClInclude Include="as\add_on\scriptarray\scriptarray.h">
      <Filter>Header Files\as</Filter>
    </ClInclude>
    <ClInclude Include="as\add_on\scriptbuilder\scriptbuilder.h">
      <Filter>Header Files\as</Filter>
    </ClInclude>
    <ClInclude Include="as\add_on\scriptmath\scriptmath.h">
      <Filter>Header Files\as</Filter>
    </ClInclude>
    <ClInclude Include="as\add_on\scriptstdstring\scriptstdstring.h">
      <Filter>Header Files\as</Filter>
    </ClInclude>
    <ClInclude Include="engine\console.h">
      <Filter>Header Files</Filter>
    </ClInclude>
    <ClInclude Include="engine\entity.h">
      <Filter>Header Files</Filter>
    </ClInclude>
    <ClInclude Include="engine\game.h">
      <Filter>Header Files</Filter>
    </ClInclude>
    <ClInclude Include="engine\menu.h">
      <Filter>Header Files</Filter>
    </ClInclude>
    <ClInclude Include="engine\renderer.h">
      <Filter>Header Files</Filter>
    </ClInclude>
    <ClInclude Include="engine\resource.h">
      <Filter>Header Files</Filter>
    </ClInclude>
    <ClInclude Include="engine\scriptint.h">
      <Filter>Header Files</Filter>
    </ClInclude>
    <ClInclude Include="engine\shared.h">
      <Filter>Header Files</Filter>
    </ClInclude>
    <ClInclude Include="engine\sound.h">
      <Filter>Header Files</Filter>
    </ClInclude>
    <ClInclude Include="engine\utils.h">
      <Filter>Header Files</Filter>
    </ClInclude>
    <ClInclude Include="engine\window.h">
      <Filter>Header Files</Filter>
    </ClInclude>
    <ClInclude Include="engine\browser.h">
      <Filter>Header Files</Filter>
    </ClInclude>
    <ClInclude Include="engine\workshop.h">
      <Filter>Header Files</Filter>
    </ClInclude>
  </ItemGroup>
  <ItemGroup>
    <ClCompile Include="as\add_on\scriptstdstring\scriptstdstring.cpp">
      <Filter>Source Files\as</Filter>
    </ClCompile>
    <ClCompile Include="as\add_on\scriptmath\scriptmath.cpp">
      <Filter>Source Files\as</Filter>
    </ClCompile>
    <ClCompile Include="as\add_on\scriptbuilder\scriptbuilder.cpp">
      <Filter>Source Files\as</Filter>
    </ClCompile>
    <ClCompile Include="as\add_on\scriptarray\scriptarray.cpp">
      <Filter>Source Files\as</Filter>
    </ClCompile>
    <ClCompile Include="engine\console.cpp">
      <Filter>Source Files</Filter>
    </ClCompile>
    <ClCompile Include="engine\entity.cpp">
      <Filter>Source Files</Filter>
    </ClCompile>
    <ClCompile Include="engine\main.cpp">
      <Filter>Source Files</Filter>
    </ClCompile>
    <ClCompile Include="engine\scriptint.cpp">
      <Filter>Source Files</Filter>
    </ClCompile>
    <ClCompile Include="engine\utils.cpp">
      <Filter>Source Files</Filter>
    </ClCompile>
    <ClCompile Include="engine\workshop.cpp">
      <Filter>Source Files</Filter>
    </ClCompile>
  </ItemGroup>
  <ItemGroup>
    <Text Include="readme.txt" />
  </ItemGroup>
  <ItemGroup>
    <ResourceCompile Include="engine\app.rc">
      <Filter>Resource Files</Filter>
    </ResourceCompile>
  </ItemGroup>
</Project>